
Microsoft Visual Studio Solution File, Format Version 12.00
# Visual Studio Version 16
VisualStudioVersion = 16.0.31321.278
MinimumVisualStudioVersion = 10.0.40219.1
Project("{2150E333-8FDC-42A3-9474-1A3956D46DE8}") = "src", "src", "{22A99601-5CC9-407D-B2E7-44FF589A15EB}"
EndProject
Project("{2150E333-8FDC-42A3-9474-1A3956D46DE8}") = "test", "test", "{A9C20F4E-3A8F-45F3-A36B-96AE46149684}"
EndProject
Project("{2150E333-8FDC-42A3-9474-1A3956D46DE8}") = "API", "API", "{B0C252C8-818C-49D2-B346-9EA3D5B20CD3}"
EndProject
Project("{2150E333-8FDC-42A3-9474-1A3956D46DE8}") = "Core", "Core", "{E5DAE26B-6242-4B62-BF07-65C51EB775C5}"
EndProject
Project("{2150E333-8FDC-42A3-9474-1A3956D46DE8}") = "Infrastructure", "Infrastructure", "{E642EFDD-FD4B-4C5F-90BB-D1BBFD9DB331}"
EndProject
Project("{9A19103F-16F7-4668-BE54-9A1E7A4F7556}") = "mysql.Api", "src\API\mysql.Api\mysql.Api.csproj", "{F102ACC8-C704-4E0E-A391-819322AEDA17}"
EndProject
Project("{9A19103F-16F7-4668-BE54-9A1E7A4F7556}") = "mysql.Application", "src\Core\mysql.Application\mysql.Application.csproj", "{C1C843BF-3F81-4753-8843-5CFA18F93E0A}"
EndProject
Project("{9A19103F-16F7-4668-BE54-9A1E7A4F7556}") = "mysql.Domain", "src\Core\mysql.Domain\mysql.Domain.csproj", "{594B86CF-A527-449E-BCFC-083F2544F6B1}"
EndProject
Project("{9A19103F-16F7-4668-BE54-9A1E7A4F7556}") = "mysql.Identity", "src\Infrastructure\mysql.Identity\mysql.Identity.csproj", "{E0982A29-B0C7-46ED-A485-C9B42B851B3A}"
EndProject
Project("{9A19103F-16F7-4668-BE54-9A1E7A4F7556}") = "mysql.Infrastructure", "src\Infrastructure\mysql.Infrastructure\mysql.Infrastructure.csproj", "{0CCF1756-5AEB-4671-9BE2-28BABB3205B9}"
EndProject
Project("{9A19103F-16F7-4668-BE54-9A1E7A4F7556}") = "mysql.Persistence", "src\Infrastructure\mysql.Persistence\mysql.Persistence.csproj", "{2ACDEE4B-4085-42CD-8F68-9059640BF672}"
EndProject
Project("{9A19103F-16F7-4668-BE54-9A1E7A4F7556}") = "mysql.API.IntegrationTests", "test\mysql.API.IntegrationTests\mysql.API.IntegrationTests.csproj", "{853D0D18-7CBA-41F2-BB8A-2066350A8F6F}"
EndProject
Project("{9A19103F-16F7-4668-BE54-9A1E7A4F7556}") = "mysql.Application.UnitTests", "test\mysql.Application.UnitTests\mysql.Application.UnitTests.csproj", "{7CACFD9C-92E8-4326-A473-E9DF77957431}"
EndProject
Project("{9A19103F-16F7-4668-BE54-9A1E7A4F7556}") = "mysql.Persistence.IntegrationTests", "test\mysql.Persistence.IntegrationTests\mysql.Persistence.IntegrationTests.csproj", "{D3D449A7-EB42-475C-A17B-2BB1319BFFEB}"
EndProject
Project("{9A19103F-16F7-4668-BE54-9A1E7A4F7556}") = "mysql.API.UnitTests", "test\mysql.API.UnitTests\mysql.API.UnitTests.csproj", "{D7F504DF-1967-4E27-9E06-5162649C8821}"
EndProject
Project("{9A19103F-16F7-4668-BE54-9A1E7A4F7556}") = "mysql.Identity.UnitTests", "test\mysql.Identity.UnitTests\mysql.Identity.UnitTests.csproj", "{3393EF30-34FC-4EBE-BF05-3C819025BF63}"
EndProject
Project("{FAE04EC0-301F-11D3-BF4B-00C04F79EFBC}") = "mysql.Infrastructure.UnitTests", "test\mysql.Infrastructure.UnitTests\mysql.Infrastructure.UnitTests.csproj", "{8E074BF4-B3E0-4E64-B1C9-B2D7B3D5E8D5}"
EndProject
Global
	GlobalSection(SolutionConfigurationPlatforms) = preSolution
		Debug|Any CPU = Debug|Any CPU
		Release|Any CPU = Release|Any CPU
	EndGlobalSection
	GlobalSection(ProjectConfigurationPlatforms) = postSolution
		{F102ACC8-C704-4E0E-A391-819322AEDA17}.Debug|Any CPU.ActiveCfg = Debug|Any CPU
		{F102ACC8-C704-4E0E-A391-819322AEDA17}.Debug|Any CPU.Build.0 = Debug|Any CPU
		{F102ACC8-C704-4E0E-A391-819322AEDA17}.Release|Any CPU.ActiveCfg = Release|Any CPU
		{F102ACC8-C704-4E0E-A391-819322AEDA17}.Release|Any CPU.Build.0 = Release|Any CPU
		{C1C843BF-3F81-4753-8843-5CFA18F93E0A}.Debug|Any CPU.ActiveCfg = Debug|Any CPU
		{C1C843BF-3F81-4753-8843-5CFA18F93E0A}.Debug|Any CPU.Build.0 = Debug|Any CPU
		{C1C843BF-3F81-4753-8843-5CFA18F93E0A}.Release|Any CPU.ActiveCfg = Release|Any CPU
		{C1C843BF-3F81-4753-8843-5CFA18F93E0A}.Release|Any CPU.Build.0 = Release|Any CPU
		{594B86CF-A527-449E-BCFC-083F2544F6B1}.Debug|Any CPU.ActiveCfg = Debug|Any CPU
		{594B86CF-A527-449E-BCFC-083F2544F6B1}.Debug|Any CPU.Build.0 = Debug|Any CPU
		{594B86CF-A527-449E-BCFC-083F2544F6B1}.Release|Any CPU.ActiveCfg = Release|Any CPU
		{594B86CF-A527-449E-BCFC-083F2544F6B1}.Release|Any CPU.Build.0 = Release|Any CPU
		{E0982A29-B0C7-46ED-A485-C9B42B851B3A}.Debug|Any CPU.ActiveCfg = Debug|Any CPU
		{E0982A29-B0C7-46ED-A485-C9B42B851B3A}.Debug|Any CPU.Build.0 = Debug|Any CPU
		{E0982A29-B0C7-46ED-A485-C9B42B851B3A}.Release|Any CPU.ActiveCfg = Release|Any CPU
		{E0982A29-B0C7-46ED-A485-C9B42B851B3A}.Release|Any CPU.Build.0 = Release|Any CPU
		{0CCF1756-5AEB-4671-9BE2-28BABB3205B9}.Debug|Any CPU.ActiveCfg = Debug|Any CPU
		{0CCF1756-5AEB-4671-9BE2-28BABB3205B9}.Debug|Any CPU.Build.0 = Debug|Any CPU
		{0CCF1756-5AEB-4671-9BE2-28BABB3205B9}.Release|Any CPU.ActiveCfg = Release|Any CPU
		{0CCF1756-5AEB-4671-9BE2-28BABB3205B9}.Release|Any CPU.Build.0 = Release|Any CPU
		{2ACDEE4B-4085-42CD-8F68-9059640BF672}.Debug|Any CPU.ActiveCfg = Debug|Any CPU
		{2ACDEE4B-4085-42CD-8F68-9059640BF672}.Debug|Any CPU.Build.0 = Debug|Any CPU
		{2ACDEE4B-4085-42CD-8F68-9059640BF672}.Release|Any CPU.ActiveCfg = Release|Any CPU
		{2ACDEE4B-4085-42CD-8F68-9059640BF672}.Release|Any CPU.Build.0 = Release|Any CPU
		{853D0D18-7CBA-41F2-BB8A-2066350A8F6F}.Debug|Any CPU.ActiveCfg = Debug|Any CPU
		{853D0D18-7CBA-41F2-BB8A-2066350A8F6F}.Debug|Any CPU.Build.0 = Debug|Any CPU
		{853D0D18-7CBA-41F2-BB8A-2066350A8F6F}.Release|Any CPU.ActiveCfg = Release|Any CPU
		{853D0D18-7CBA-41F2-BB8A-2066350A8F6F}.Release|Any CPU.Build.0 = Release|Any CPU
		{7CACFD9C-92E8-4326-A473-E9DF77957431}.Debug|Any CPU.ActiveCfg = Debug|Any CPU
		{7CACFD9C-92E8-4326-A473-E9DF77957431}.Debug|Any CPU.Build.0 = Debug|Any CPU
		{7CACFD9C-92E8-4326-A473-E9DF77957431}.Release|Any CPU.ActiveCfg = Release|Any CPU
		{7CACFD9C-92E8-4326-A473-E9DF77957431}.Release|Any CPU.Build.0 = Release|Any CPU
		{D3D449A7-EB42-475C-A17B-2BB1319BFFEB}.Debug|Any CPU.ActiveCfg = Debug|Any CPU
		{D3D449A7-EB42-475C-A17B-2BB1319BFFEB}.Debug|Any CPU.Build.0 = Debug|Any CPU
		{D3D449A7-EB42-475C-A17B-2BB1319BFFEB}.Release|Any CPU.ActiveCfg = Release|Any CPU
		{D3D449A7-EB42-475C-A17B-2BB1319BFFEB}.Release|Any CPU.Build.0 = Release|Any CPU
		{D7F504DF-1967-4E27-9E06-5162649C8821}.Debug|Any CPU.ActiveCfg = Debug|Any CPU
		{D7F504DF-1967-4E27-9E06-5162649C8821}.Debug|Any CPU.Build.0 = Debug|Any CPU
		{D7F504DF-1967-4E27-9E06-5162649C8821}.Release|Any CPU.ActiveCfg = Release|Any CPU
		{D7F504DF-1967-4E27-9E06-5162649C8821}.Release|Any CPU.Build.0 = Release|Any CPU
		{3393EF30-34FC-4EBE-BF05-3C819025BF63}.Debug|Any CPU.ActiveCfg = Debug|Any CPU
		{3393EF30-34FC-4EBE-BF05-3C819025BF63}.Debug|Any CPU.Build.0 = Debug|Any CPU
		{3393EF30-34FC-4EBE-BF05-3C819025BF63}.Release|Any CPU.ActiveCfg = Release|Any CPU
		{3393EF30-34FC-4EBE-BF05-3C819025BF63}.Release|Any CPU.Build.0 = Release|Any CPU
		{8E074BF4-B3E0-4E64-B1C9-B2D7B3D5E8D5}.Debug|Any CPU.ActiveCfg = Debug|Any CPU
		{8E074BF4-B3E0-4E64-B1C9-B2D7B3D5E8D5}.Debug|Any CPU.Build.0 = Debug|Any CPU
		{8E074BF4-B3E0-4E64-B1C9-B2D7B3D5E8D5}.Release|Any CPU.ActiveCfg = Release|Any CPU
		{8E074BF4-B3E0-4E64-B1C9-B2D7B3D5E8D5}.Release|Any CPU.Build.0 = Release|Any CPU
	EndGlobalSection
	GlobalSection(SolutionProperties) = preSolution
		HideSolutionNode = FALSE
	EndGlobalSection
	GlobalSection(NestedProjects) = preSolution
		{B0C252C8-818C-49D2-B346-9EA3D5B20CD3} = {22A99601-5CC9-407D-B2E7-44FF589A15EB}
		{E5DAE26B-6242-4B62-BF07-65C51EB775C5} = {22A99601-5CC9-407D-B2E7-44FF589A15EB}
		{E642EFDD-FD4B-4C5F-90BB-D1BBFD9DB331} = {22A99601-5CC9-407D-B2E7-44FF589A15EB}
		{F102ACC8-C704-4E0E-A391-819322AEDA17} = {B0C252C8-818C-49D2-B346-9EA3D5B20CD3}
		{C1C843BF-3F81-4753-8843-5CFA18F93E0A} = {E5DAE26B-6242-4B62-BF07-65C51EB775C5}
		{594B86CF-A527-449E-BCFC-083F2544F6B1} = {E5DAE26B-6242-4B62-BF07-65C51EB775C5}
		{E0982A29-B0C7-46ED-A485-C9B42B851B3A} = {E642EFDD-FD4B-4C5F-90BB-D1BBFD9DB331}
		{0CCF1756-5AEB-4671-9BE2-28BABB3205B9} = {E642EFDD-FD4B-4C5F-90BB-D1BBFD9DB331}
		{2ACDEE4B-4085-42CD-8F68-9059640BF672} = {E642EFDD-FD4B-4C5F-90BB-D1BBFD9DB331}
		{853D0D18-7CBA-41F2-BB8A-2066350A8F6F} = {A9C20F4E-3A8F-45F3-A36B-96AE46149684}
		{7CACFD9C-92E8-4326-A473-E9DF77957431} = {A9C20F4E-3A8F-45F3-A36B-96AE46149684}
		{D3D449A7-EB42-475C-A17B-2BB1319BFFEB} = {A9C20F4E-3A8F-45F3-A36B-96AE46149684}
		{D7F504DF-1967-4E27-9E06-5162649C8821} = {A9C20F4E-3A8F-45F3-A36B-96AE46149684}
		{3393EF30-34FC-4EBE-BF05-3C819025BF63} = {A9C20F4E-3A8F-45F3-A36B-96AE46149684}
		{8E074BF4-B3E0-4E64-B1C9-B2D7B3D5E8D5} = {A9C20F4E-3A8F-45F3-A36B-96AE46149684}
	EndGlobalSection
	GlobalSection(ExtensibilityGlobals) = postSolution
		SolutionGuid = {F637676C-B7E7-4D66-9BD9-DAEA91A9BBC6}
	EndGlobalSection
EndGlobal
